# THIS IS AN AUTOGENERATED FILE. DO NOT EDIT THIS FILE DIRECTLY.
# yarn lockfile v1


"@types/node@^10.12.0":
  version "10.17.44"
  resolved "https://registry.yarnpkg.com/@types/node/-/node-10.17.44.tgz#3945e6b702cb6403f22b779c8ea9e5c3f44ead40"
  integrity sha512-vHPAyBX1ffLcy4fQHmDyIUMUb42gHZjPHU66nhvbMzAWJqHnySGZ6STwN3rwrnSd1FHB0DI/RWgGELgKSYRDmw==

coc.nvim@^0.0.81-next.5:
  version "0.0.81-next.5"
  resolved "https://registry.yarnpkg.com/coc.nvim/-/coc.nvim-0.0.81-next.5.tgz#b09bda5a2d527f7cd7bd786d4dee958160285e2b"
  integrity sha512-NUTEWmjm9uKGBD8FNsj55PH1Xn4hD5uDCs7EdMoBpXWehq6/P1UoDZQfWXQv9HTq4zF/jH3g7KtZtl94VTlW4A==

esbuild@^0.8.29:
  version "0.8.29"
  resolved "https://registry.yarnpkg.com/esbuild/-/esbuild-0.8.29.tgz#cc20fb752e0905a3546d68ae1be58f9b97044c39"
  integrity sha512-UDsEoeXuctVgG2hEts1Hwq2jYDGqV7nksEHEZaiCy2v+lXF5ButX4ErPAJAFi5ZNKKW+6Pom93pArV7hki6HnQ==

isexe@^2.0.0:
  version "2.0.0"
  resolved "https://registry.yarnpkg.com/isexe/-/isexe-2.0.0.tgz#e8fbf374dc556ff8947a10dcb0572d633f2cfa10"
  integrity sha1-6PvzdNxVb/iUehDcsFctYz8s+hA=

semver@^7.3.2:
  version "7.3.2"
  resolved "https://registry.yarnpkg.com/semver/-/semver-7.3.2.tgz#604962b052b81ed0786aae84389ffba70ffd3938"
  integrity sha512-OrOb32TeeambH6UrhtShmF7CRDqhL6/5XpPNp2DuRH6+9QLw/orhp72j87v8Qa1ScDkvrrBNpZcDejAirJmfXQ==

typescript@^4.3.5:
  version "4.3.5"
  resolved "https://registry.yarnpkg.com/typescript/-/typescript-4.3.5.tgz#4d1c37cc16e893973c45a06886b7113234f119f4"
  integrity sha512-DqQgihaQ9cUrskJo9kIyW/+g0Vxsk8cDtZ52a3NGh0YNTfpUSArXSohyUGnvbPazEPLu398C0UxmKSOrPumUzA==

vscode-jsonrpc@6.0.0:
  version "6.0.0"
  resolved "https://registry.yarnpkg.com/vscode-jsonrpc/-/vscode-jsonrpc-6.0.0.tgz#108bdb09b4400705176b957ceca9e0880e9b6d4e"
  integrity sha512-wnJA4BnEjOSyFMvjZdpiOwhSq9uDoK8e/kpRJDTaMYzwlkrhG1fwDIZI94CLsLzlCK5cIbMMtFlJlfR57Lavmg==

vscode-languageserver-protocol@^3.16.0:
  version "3.16.0"
  resolved "https://registry.yarnpkg.com/vscode-languageserver-protocol/-/vscode-languageserver-protocol-3.16.0.tgz#34135b61a9091db972188a07d337406a3cdbe821"
  integrity sha512-sdeUoAawceQdgIfTI+sdcwkiK2KU+2cbEYA0agzM2uqaUy2UpnnGHtWTHVEtS0ES4zHU0eMFRGN+oQgDxlD66A==
  dependencies:
    vscode-jsonrpc "6.0.0"
    vscode-languageserver-types "3.16.0"

vscode-languageserver-types@3.16.0:
  version "3.16.0"
  resolved "https://registry.yarnpkg.com/vscode-languageserver-types/-/vscode-languageserver-types-3.16.0.tgz#ecf393fc121ec6974b2da3efb3155644c514e247"
  integrity sha512-k8luDIWJWyenLc5ToFQQMaSrqCHiLwyKPHKPQZ5zz21vM+vIVUSvsRpcbiECH4WR88K2XZqc4ScRcZ7nk/jbeA==

which@^2.0.2:
  version "2.0.2"
  resolved "https://registry.yarnpkg.com/which/-/which-2.0.2.tgz#7c6a8dd0a636a0327e10b59c9286eee93f3f51b1"
  integrity sha512-BLI3Tl1TW3Pvl70l3yq3Y64i+awpwXqsGBYWkkqMtnbXgrMD+yj7rhW0kuEDxzJaYXGjEW5ogapKNMEKNMjibA==
  dependencies:
    isexe "^2.0.0"
